
Microsoft Visual Studio Solution File, Format Version 12.00
# Visual Studio Version 17
VisualStudioVersion = 17.2.32526.322
MinimumVisualStudioVersion = 10.0.40219.1
Project("{FAE04EC0-301F-11D3-BF4B-00C04F79EFBC}") = "DKCommunication", "DKCommunication\DKCommunication.csproj", "{7D04ADC6-C997-4A02-80B1-28447EEE207E}"
EndProject
Project("{FAE04EC0-301F-11D3-BF4B-00C04F79EFBC}") = "Test", "Test\Test.csproj", "{4400056F-9FF8-48CB-80B1-215C3FB05BD2}"
EndProject
Global
	GlobalSection(SolutionConfigurationPlatforms) = preSolution
		Debug|Any CPU = Debug|Any CPU
		Release|Any CPU = Release|Any CPU
	EndGlobalSection
	GlobalSection(ProjectConfigurationPlatforms) = postSolution
		{7D04ADC6-C997-4A02-80B1-28447EEE207E}.Debug|Any CPU.ActiveCfg = Debug|Any CPU
		{7D04ADC6-C997-4A02-80B1-28447EEE207E}.Debug|Any CPU.Build.0 = Debug|Any CPU
		{7D04ADC6-C997-4A02-80B1-28447EEE207E}.Release|Any CPU.ActiveCfg = Release|Any CPU
		{7D04ADC6-C997-4A02-80B1-28447EEE207E}.Release|Any CPU.Build.0 = Release|Any CPU
		{4400056F-9FF8-48CB-80B1-215C3FB05BD2}.Debug|Any CPU.ActiveCfg = Debug|Any CPU
		{4400056F-9FF8-48CB-80B1-215C3FB05BD2}.Debug|Any CPU.Build.0 = Debug|Any CPU
		{4400056F-9FF8-48CB-80B1-215C3FB05BD2}.Release|Any CPU.ActiveCfg = Release|Any CPU
		{4400056F-9FF8-48CB-80B1-215C3FB05BD2}.Release|Any CPU.Build.0 = Release|Any CPU
	EndGlobalSection
	GlobalSection(SolutionProperties) = preSolution
		HideSolutionNode = FALSE
	EndGlobalSection
	GlobalSection(ExtensibilityGlobals) = postSolution
		SolutionGuid = {18FA4CF0-A6A2-4EC7-8415-F029DE17F551}
	EndGlobalSection
EndGlobal
